Microsoft Visual Studio Solution File, Format Version 11.00
# Visual Studio 2008

Project("{33C9FBE5-1D91-D20D-F57C-81DBCC29D8BB}") = "WhereIsMyCeviche", "Assembly-CSharp-firstpass-vs.csproj", "{8BE68714-F393-1A92-E711-28578AF78501}"
EndProject
Project("{33C9FBE5-1D91-D20D-F57C-81DBCC29D8BB}") = "WhereIsMyCeviche", "Assembly-CSharp-vs.csproj", "{26E5856C-47E2-CDBD-97A1-EB0E1B0DE135}"
EndProject
Project("{33C9FBE5-1D91-D20D-F57C-81DBCC29D8BB}") = "WhereIsMyCeviche", "Assembly-CSharp-Editor-vs.csproj", "{D4F096C1-AF19-2CAA-BED9-355D59C13698}"
EndProject
Global
	GlobalSection(SolutionConfigurationPlatforms) = preSolution
		Debug|Any CPU = Debug|Any CPU
		Release|Any CPU = Release|Any CPU
	EndGlobalSection
	GlobalSection(ProjectConfigurationPlatforms) = postSolution
		{8BE68714-F393-1A92-E711-28578AF78501}.Debug|Any CPU.ActiveCfg = Debug|Any CPU
		{8BE68714-F393-1A92-E711-28578AF78501}.Debug|Any CPU.Build.0 = Debug|Any CPU
		{8BE68714-F393-1A92-E711-28578AF78501}.Release|Any CPU.ActiveCfg = Release|Any CPU
		{8BE68714-F393-1A92-E711-28578AF78501}.Release|Any CPU.Build.0 = Release|Any CPU
		{26E5856C-47E2-CDBD-97A1-EB0E1B0DE135}.Debug|Any CPU.ActiveCfg = Debug|Any CPU
		{26E5856C-47E2-CDBD-97A1-EB0E1B0DE135}.Debug|Any CPU.Build.0 = Debug|Any CPU
		{26E5856C-47E2-CDBD-97A1-EB0E1B0DE135}.Release|Any CPU.ActiveCfg = Release|Any CPU
		{26E5856C-47E2-CDBD-97A1-EB0E1B0DE135}.Release|Any CPU.Build.0 = Release|Any CPU
		{D4F096C1-AF19-2CAA-BED9-355D59C13698}.Debug|Any CPU.ActiveCfg = Debug|Any CPU
		{D4F096C1-AF19-2CAA-BED9-355D59C13698}.Debug|Any CPU.Build.0 = Debug|Any CPU
		{D4F096C1-AF19-2CAA-BED9-355D59C13698}.Release|Any CPU.ActiveCfg = Release|Any CPU
		{D4F096C1-AF19-2CAA-BED9-355D59C13698}.Release|Any CPU.Build.0 = Release|Any CPU
	EndGlobalSection
	GlobalSection(SolutionProperties) = preSolution
		HideSolutionNode = FALSE
	EndGlobalSection
				GlobalSection(MonoDevelopProperties) = preSolution
		StartupItem = Assembly-CSharp.csproj
		Policies = $0
		$0.TextStylePolicy = $1
		$1.inheritsSet = null
		$1.scope = text/x-csharp
		$0.CSharpFormattingPolicy = $2
		$2.inheritsSet = Mono
		$2.inheritsScope = text/x-csharp
		$2.scope = text/x-csharp
		$0.TextStylePolicy = $3
		$3.FileWidth = 120
		$3.TabWidth = 4
		$3.EolMarker = Unix
		$3.inheritsSet = Mono
		$3.inheritsScope = text/plain
		$3.scope = text/plain
	EndGlobalSection

EndGlobal
